
Microsoft Visual Studio Solution File, Format Version 12.00
# Visual Studio 15
VisualStudioVersion = 15.0.28307.102
MinimumVisualStudioVersion = 10.0.40219.1
Project("{FAE04EC0-301F-11D3-BF4B-00C04F79EFBC}") = "MyWeatherApp.Android", "MyWeatherApp\MyWeatherApp.Android\MyWeatherApp.Android.csproj", "{3C9160AB-2A91-44A0-9FBC-06E7455ED0B9}"
EndProject
Project("{FAE04EC0-301F-11D3-BF4B-00C04F79EFBC}") = "MyWeatherApp.iOS", "MyWeatherApp\MyWeatherApp.iOS\MyWeatherApp.iOS.csproj", "{36BF2F48-A8C9-4291-B1AD-8198C692A5CA}"
EndProject
Project("{9A19103F-16F7-4668-BE54-9A1E7A4F7556}") = "MyWeatherApp", "MyWeatherApp\MyWeatherApp\MyWeatherApp.csproj", "{B61D9D27-2168-4DE0-8B7C-359EADD3B56A}"
EndProject
Project("{FAE04EC0-301F-11D3-BF4B-00C04F79EFBC}") = "MyWeatherApp.Repository", "MyWeatherApp.Repository\MyWeatherApp.Repository.csproj", "{A4CF92CF-FDB8-4BAF-B90C-CA43C5E86ABE}"
EndProject
Global
	GlobalSection(SolutionConfigurationPlatforms) = preSolution
		Ad-Hoc|Any CPU = Ad-Hoc|Any CPU
		Ad-Hoc|iPhone = Ad-Hoc|iPhone
		Ad-Hoc|iPhoneSimulator = Ad-Hoc|iPhoneSimulator
		AppStore|Any CPU = AppStore|Any CPU
		AppStore|iPhone = AppStore|iPhone
		AppStore|iPhoneSimulator = AppStore|iPhoneSimulator
		Debug|Any CPU = Debug|Any CPU
		Debug|iPhone = Debug|iPhone
		Debug|iPhoneSimulator = Debug|iPhoneSimulator
		Release|Any CPU = Release|Any CPU
		Release|iPhone = Release|iPhone
		Release|iPhoneSimulator = Release|iPhoneSimulator
	EndGlobalSection
	GlobalSection(ProjectConfigurationPlatforms) = postSolution
		{3C9160AB-2A91-44A0-9FBC-06E7455ED0B9}.Ad-Hoc|Any CPU.ActiveCfg = Release|Any CPU
		{3C9160AB-2A91-44A0-9FBC-06E7455ED0B9}.Ad-Hoc|Any CPU.Build.0 = Release|Any CPU
		{3C9160AB-2A91-44A0-9FBC-06E7455ED0B9}.Ad-Hoc|Any CPU.Deploy.0 = Release|Any CPU
		{3C9160AB-2A91-44A0-9FBC-06E7455ED0B9}.Ad-Hoc|iPhone.ActiveCfg = Release|Any CPU
		{3C9160AB-2A91-44A0-9FBC-06E7455ED0B9}.Ad-Hoc|iPhone.Build.0 = Release|Any CPU
		{3C9160AB-2A91-44A0-9FBC-06E7455ED0B9}.Ad-Hoc|iPhone.Deploy.0 = Release|Any CPU
		{3C9160AB-2A91-44A0-9FBC-06E7455ED0B9}.Ad-Hoc|iPhoneSimulator.ActiveCfg = Release|Any CPU
		{3C9160AB-2A91-44A0-9FBC-06E7455ED0B9}.Ad-Hoc|iPhoneSimulator.Build.0 = Release|Any CPU
		{3C9160AB-2A91-44A0-9FBC-06E7455ED0B9}.Ad-Hoc|iPhoneSimulator.Deploy.0 = Release|Any CPU
		{3C9160AB-2A91-44A0-9FBC-06E7455ED0B9}.AppStore|Any CPU.ActiveCfg = Release|Any CPU
		{3C9160AB-2A91-44A0-9FBC-06E7455ED0B9}.AppStore|Any CPU.Build.0 = Release|Any CPU
		{3C9160AB-2A91-44A0-9FBC-06E7455ED0B9}.AppStore|Any CPU.Deploy.0 = Release|Any CPU
		{3C9160AB-2A91-44A0-9FBC-06E7455ED0B9}.AppStore|iPhone.ActiveCfg = Release|Any CPU
		{3C9160AB-2A91-44A0-9FBC-06E7455ED0B9}.AppStore|iPhone.Build.0 = Release|Any CPU
		{3C9160AB-2A91-44A0-9FBC-06E7455ED0B9}.AppStore|iPhone.Deploy.0 = Release|Any CPU
		{3C9160AB-2A91-44A0-9FBC-06E7455ED0B9}.AppStore|iPhoneSimulator.ActiveCfg = Release|Any CPU
		{3C9160AB-2A91-44A0-9FBC-06E7455ED0B9}.AppStore|iPhoneSimulator.Build.0 = Release|Any CPU
		{3C9160AB-2A91-44A0-9FBC-06E7455ED0B9}.AppStore|iPhoneSimulator.Deploy.0 = Release|Any CPU
		{3C9160AB-2A91-44A0-9FBC-06E7455ED0B9}.Debug|Any CPU.ActiveCfg = Debug|Any CPU
		{3C9160AB-2A91-44A0-9FBC-06E7455ED0B9}.Debug|Any CPU.Build.0 = Debug|Any CPU
		{3C9160AB-2A91-44A0-9FBC-06E7455ED0B9}.Debug|Any CPU.Deploy.0 = Debug|Any CPU
		{3C9160AB-2A91-44A0-9FBC-06E7455ED0B9}.Debug|iPhone.ActiveCfg = Debug|Any CPU
		{3C9160AB-2A91-44A0-9FBC-06E7455ED0B9}.Debug|iPhone.Build.0 = Debug|Any CPU
		{3C9160AB-2A91-44A0-9FBC-06E7455ED0B9}.Debug|iPhone.Deploy.0 = Debug|Any CPU
		{3C9160AB-2A91-44A0-9FBC-06E7455ED0B9}.Debug|iPhoneSimulator.ActiveCfg = Debug|Any CPU
		{3C9160AB-2A91-44A0-9FBC-06E7455ED0B9}.Debug|iPhoneSimulator.Build.0 = Debug|Any CPU
		{3C9160AB-2A91-44A0-9FBC-06E7455ED0B9}.Debug|iPhoneSimulator.Deploy.0 = Debug|Any CPU
		{3C9160AB-2A91-44A0-9FBC-06E7455ED0B9}.Release|Any CPU.ActiveCfg = Release|Any CPU
		{3C9160AB-2A91-44A0-9FBC-06E7455ED0B9}.Release|Any CPU.Build.0 = Release|Any CPU
		{3C9160AB-2A91-44A0-9FBC-06E7455ED0B9}.Release|Any CPU.Deploy.0 = Release|Any CPU
		{3C9160AB-2A91-44A0-9FBC-06E7455ED0B9}.Release|iPhone.ActiveCfg = Release|Any CPU
		{3C9160AB-2A91-44A0-9FBC-06E7455ED0B9}.Release|iPhone.Build.0 = Release|Any CPU
		{3C9160AB-2A91-44A0-9FBC-06E7455ED0B9}.Release|iPhone.Deploy.0 = Release|Any CPU
		{3C9160AB-2A91-44A0-9FBC-06E7455ED0B9}.Release|iPhoneSimulator.ActiveCfg = Release|Any CPU
		{3C9160AB-2A91-44A0-9FBC-06E7455ED0B9}.Release|iPhoneSimulator.Build.0 = Release|Any CPU
		{3C9160AB-2A91-44A0-9FBC-06E7455ED0B9}.Release|iPhoneSimulator.Deploy.0 = Release|Any CPU
		{36BF2F48-A8C9-4291-B1AD-8198C692A5CA}.Ad-Hoc|Any CPU.ActiveCfg = Ad-Hoc|iPhone
		{36BF2F48-A8C9-4291-B1AD-8198C692A5CA}.Ad-Hoc|Any CPU.Build.0 = Ad-Hoc|iPhone
		{36BF2F48-A8C9-4291-B1AD-8198C692A5CA}.Ad-Hoc|Any CPU.Deploy.0 = Ad-Hoc|iPhone
		{36BF2F48-A8C9-4291-B1AD-8198C692A5CA}.Ad-Hoc|iPhone.ActiveCfg = Ad-Hoc|iPhone
		{36BF2F48-A8C9-4291-B1AD-8198C692A5CA}.Ad-Hoc|iPhone.Build.0 = Ad-Hoc|iPhone
		{36BF2F48-A8C9-4291-B1AD-8198C692A5CA}.Ad-Hoc|iPhone.Deploy.0 = Ad-Hoc|iPhone
		{36BF2F48-A8C9-4291-B1AD-8198C692A5CA}.Ad-Hoc|iPhoneSimulator.ActiveCfg = Ad-Hoc|iPhoneSimulator
		{36BF2F48-A8C9-4291-B1AD-8198C692A5CA}.Ad-Hoc|iPhoneSimulator.Build.0 = Ad-Hoc|iPhoneSimulator
		{36BF2F48-A8C9-4291-B1AD-8198C692A5CA}.Ad-Hoc|iPhoneSimulator.Deploy.0 = Ad-Hoc|iPhoneSimulator
		{36BF2F48-A8C9-4291-B1AD-8198C692A5CA}.AppStore|Any CPU.ActiveCfg = AppStore|iPhone
		{36BF2F48-A8C9-4291-B1AD-8198C692A5CA}.AppStore|Any CPU.Build.0 = AppStore|iPhone
		{36BF2F48-A8C9-4291-B1AD-8198C692A5CA}.AppStore|Any CPU.Deploy.0 = AppStore|iPhone
		{36BF2F48-A8C9-4291-B1AD-8198C692A5CA}.AppStore|iPhone.ActiveCfg = AppStore|iPhone
		{36BF2F48-A8C9-4291-B1AD-8198C692A5CA}.AppStore|iPhone.Build.0 = AppStore|iPhone
		{36BF2F48-A8C9-4291-B1AD-8198C692A5CA}.AppStore|iPhone.Deploy.0 = AppStore|iPhone
		{36BF2F48-A8C9-4291-B1AD-8198C692A5CA}.AppStore|iPhoneSimulator.ActiveCfg = AppStore|iPhoneSimulator
		{36BF2F48-A8C9-4291-B1AD-8198C692A5CA}.AppStore|iPhoneSimulator.Build.0 = AppStore|iPhoneSimulator
		{36BF2F48-A8C9-4291-B1AD-8198C692A5CA}.AppStore|iPhoneSimulator.Deploy.0 = AppStore|iPhoneSimulator
		{36BF2F48-A8C9-4291-B1AD-8198C692A5CA}.Debug|Any CPU.ActiveCfg = Debug|iPhoneSimulator
		{36BF2F48-A8C9-4291-B1AD-8198C692A5CA}.Debug|Any CPU.Build.0 = Debug|iPhoneSimulator
		{36BF2F48-A8C9-4291-B1AD-8198C692A5CA}.Debug|Any CPU.Deploy.0 = Debug|iPhoneSimulator
		{36BF2F48-A8C9-4291-B1AD-8198C692A5CA}.Debug|iPhone.ActiveCfg = Debug|iPhone
		{36BF2F48-A8C9-4291-B1AD-8198C692A5CA}.Debug|iPhone.Build.0 = Debug|iPhone
		{36BF2F48-A8C9-4291-B1AD-8198C692A5CA}.Debug|iPhone.Deploy.0 = Debug|iPhone
		{36BF2F48-A8C9-4291-B1AD-8198C692A5CA}.Debug|iPhoneSimulator.ActiveCfg = Debug|iPhoneSimulator
		{36BF2F48-A8C9-4291-B1AD-8198C692A5CA}.Debug|iPhoneSimulator.Build.0 = Debug|iPhoneSimulator
		{36BF2F48-A8C9-4291-B1AD-8198C692A5CA}.Debug|iPhoneSimulator.Deploy.0 = Debug|iPhoneSimulator
		{36BF2F48-A8C9-4291-B1AD-8198C692A5CA}.Release|Any CPU.ActiveCfg = Release|iPhone
		{36BF2F48-A8C9-4291-B1AD-8198C692A5CA}.Release|Any CPU.Build.0 = Release|iPhone
		{36BF2F48-A8C9-4291-B1AD-8198C692A5CA}.Release|Any CPU.Deploy.0 = Release|iPhone
		{36BF2F48-A8C9-4291-B1AD-8198C692A5CA}.Release|iPhone.ActiveCfg = Release|iPhone
		{36BF2F48-A8C9-4291-B1AD-8198C692A5CA}.Release|iPhone.Build.0 = Release|iPhone
		{36BF2F48-A8C9-4291-B1AD-8198C692A5CA}.Release|iPhone.Deploy.0 = Release|iPhone
		{36BF2F48-A8C9-4291-B1AD-8198C692A5CA}.Release|iPhoneSimulator.ActiveCfg = Release|iPhoneSimulator
		{36BF2F48-A8C9-4291-B1AD-8198C692A5CA}.Release|iPhoneSimulator.Build.0 = Release|iPhoneSimulator
		{36BF2F48-A8C9-4291-B1AD-8198C692A5CA}.Release|iPhoneSimulator.Deploy.0 = Release|iPhoneSimulator
		{B61D9D27-2168-4DE0-8B7C-359EADD3B56A}.Ad-Hoc|Any CPU.ActiveCfg = Debug|Any CPU
		{B61D9D27-2168-4DE0-8B7C-359EADD3B56A}.Ad-Hoc|Any CPU.Build.0 = Debug|Any CPU
		{B61D9D27-2168-4DE0-8B7C-359EADD3B56A}.Ad-Hoc|Any CPU.Deploy.0 = Debug|Any CPU
		{B61D9D27-2168-4DE0-8B7C-359EADD3B56A}.Ad-Hoc|iPhone.ActiveCfg = Debug|Any CPU
		{B61D9D27-2168-4DE0-8B7C-359EADD3B56A}.Ad-Hoc|iPhone.Build.0 = Debug|Any CPU
		{B61D9D27-2168-4DE0-8B7C-359EADD3B56A}.Ad-Hoc|iPhone.Deploy.0 = Debug|Any CPU
		{B61D9D27-2168-4DE0-8B7C-359EADD3B56A}.Ad-Hoc|iPhoneSimulator.ActiveCfg = Debug|Any CPU
		{B61D9D27-2168-4DE0-8B7C-359EADD3B56A}.Ad-Hoc|iPhoneSimulator.Build.0 = Debug|Any CPU
		{B61D9D27-2168-4DE0-8B7C-359EADD3B56A}.Ad-Hoc|iPhoneSimulator.Deploy.0 = Debug|Any CPU
		{B61D9D27-2168-4DE0-8B7C-359EADD3B56A}.AppStore|Any CPU.ActiveCfg = Debug|Any CPU
		{B61D9D27-2168-4DE0-8B7C-359EADD3B56A}.AppStore|Any CPU.Build.0 = Debug|Any CPU
		{B61D9D27-2168-4DE0-8B7C-359EADD3B56A}.AppStore|Any CPU.Deploy.0 = Debug|Any CPU
		{B61D9D27-2168-4DE0-8B7C-359EADD3B56A}.AppStore|iPhone.ActiveCfg = Debug|Any CPU
		{B61D9D27-2168-4DE0-8B7C-359EADD3B56A}.AppStore|iPhone.Build.0 = Debug|Any CPU
		{B61D9D27-2168-4DE0-8B7C-359EADD3B56A}.AppStore|iPhone.Deploy.0 = Debug|Any CPU
		{B61D9D27-2168-4DE0-8B7C-359EADD3B56A}.AppStore|iPhoneSimulator.ActiveCfg = Debug|Any CPU
		{B61D9D27-2168-4DE0-8B7C-359EADD3B56A}.AppStore|iPhoneSimulator.Build.0 = Debug|Any CPU
		{B61D9D27-2168-4DE0-8B7C-359EADD3B56A}.AppStore|iPhoneSimulator.Deploy.0 = Debug|Any CPU
		{B61D9D27-2168-4DE0-8B7C-359EADD3B56A}.Debug|Any CPU.ActiveCfg = Debug|Any CPU
		{B61D9D27-2168-4DE0-8B7C-359EADD3B56A}.Debug|Any CPU.Build.0 = Debug|Any CPU
		{B61D9D27-2168-4DE0-8B7C-359EADD3B56A}.Debug|Any CPU.Deploy.0 = Debug|Any CPU
		{B61D9D27-2168-4DE0-8B7C-359EADD3B56A}.Debug|iPhone.ActiveCfg = Debug|Any CPU
		{B61D9D27-2168-4DE0-8B7C-359EADD3B56A}.Debug|iPhone.Build.0 = Debug|Any CPU
		{B61D9D27-2168-4DE0-8B7C-359EADD3B56A}.Debug|iPhone.Deploy.0 = Debug|Any CPU
		{B61D9D27-2168-4DE0-8B7C-359EADD3B56A}.Debug|iPhoneSimulator.ActiveCfg = Debug|Any CPU
		{B61D9D27-2168-4DE0-8B7C-359EADD3B56A}.Debug|iPhoneSimulator.Build.0 = Debug|Any CPU
		{B61D9D27-2168-4DE0-8B7C-359EADD3B56A}.Debug|iPhoneSimulator.Deploy.0 = Debug|Any CPU
		{B61D9D27-2168-4DE0-8B7C-359EADD3B56A}.Release|Any CPU.ActiveCfg = Release|Any CPU
		{B61D9D27-2168-4DE0-8B7C-359EADD3B56A}.Release|Any CPU.Build.0 = Release|Any CPU
		{B61D9D27-2168-4DE0-8B7C-359EADD3B56A}.Release|Any CPU.Deploy.0 = Release|Any CPU
		{B61D9D27-2168-4DE0-8B7C-359EADD3B56A}.Release|iPhone.ActiveCfg = Release|Any CPU
		{B61D9D27-2168-4DE0-8B7C-359EADD3B56A}.Release|iPhone.Build.0 = Release|Any CPU
		{B61D9D27-2168-4DE0-8B7C-359EADD3B56A}.Release|iPhone.Deploy.0 = Release|Any CPU
		{B61D9D27-2168-4DE0-8B7C-359EADD3B56A}.Release|iPhoneSimulator.ActiveCfg = Release|Any CPU
		{B61D9D27-2168-4DE0-8B7C-359EADD3B56A}.Release|iPhoneSimulator.Build.0 = Release|Any CPU
		{B61D9D27-2168-4DE0-8B7C-359EADD3B56A}.Release|iPhoneSimulator.Deploy.0 = Release|Any CPU
		{A4CF92CF-FDB8-4BAF-B90C-CA43C5E86ABE}.Ad-Hoc|Any CPU.ActiveCfg = Debug|Any CPU
		{A4CF92CF-FDB8-4BAF-B90C-CA43C5E86ABE}.Ad-Hoc|Any CPU.Build.0 = Debug|Any CPU
		{A4CF92CF-FDB8-4BAF-B90C-CA43C5E86ABE}.Ad-Hoc|iPhone.ActiveCfg = Debug|Any CPU
		{A4CF92CF-FDB8-4BAF-B90C-CA43C5E86ABE}.Ad-Hoc|iPhone.Build.0 = Debug|Any CPU
		{A4CF92CF-FDB8-4BAF-B90C-CA43C5E86ABE}.Ad-Hoc|iPhoneSimulator.ActiveCfg = Debug|Any CPU
		{A4CF92CF-FDB8-4BAF-B90C-CA43C5E86ABE}.Ad-Hoc|iPhoneSimulator.Build.0 = Debug|Any CPU
		{A4CF92CF-FDB8-4BAF-B90C-CA43C5E86ABE}.AppStore|Any CPU.ActiveCfg = Debug|Any CPU
		{A4CF92CF-FDB8-4BAF-B90C-CA43C5E86ABE}.AppStore|Any CPU.Build.0 = Debug|Any CPU
		{A4CF92CF-FDB8-4BAF-B90C-CA43C5E86ABE}.AppStore|iPhone.ActiveCfg = Debug|Any CPU
		{A4CF92CF-FDB8-4BAF-B90C-CA43C5E86ABE}.AppStore|iPhone.Build.0 = Debug|Any CPU
		{A4CF92CF-FDB8-4BAF-B90C-CA43C5E86ABE}.AppStore|iPhoneSimulator.ActiveCfg = Debug|Any CPU
		{A4CF92CF-FDB8-4BAF-B90C-CA43C5E86ABE}.AppStore|iPhoneSimulator.Build.0 = Debug|Any CPU
		{A4CF92CF-FDB8-4BAF-B90C-CA43C5E86ABE}.Debug|Any CPU.ActiveCfg = Debug|Any CPU
		{A4CF92CF-FDB8-4BAF-B90C-CA43C5E86ABE}.Debug|Any CPU.Build.0 = Debug|Any CPU
		{A4CF92CF-FDB8-4BAF-B90C-CA43C5E86ABE}.Debug|iPhone.ActiveCfg = Debug|Any CPU
		{A4CF92CF-FDB8-4BAF-B90C-CA43C5E86ABE}.Debug|iPhone.Build.0 = Debug|Any CPU
		{A4CF92CF-FDB8-4BAF-B90C-CA43C5E86ABE}.Debug|iPhoneSimulator.ActiveCfg = Debug|Any CPU
		{A4CF92CF-FDB8-4BAF-B90C-CA43C5E86ABE}.Debug|iPhoneSimulator.Build.0 = Debug|Any CPU
		{A4CF92CF-FDB8-4BAF-B90C-CA43C5E86ABE}.Release|Any CPU.ActiveCfg = Release|Any CPU
		{A4CF92CF-FDB8-4BAF-B90C-CA43C5E86ABE}.Release|Any CPU.Build.0 = Release|Any CPU
		{A4CF92CF-FDB8-4BAF-B90C-CA43C5E86ABE}.Release|iPhone.ActiveCfg = Release|Any CPU
		{A4CF92CF-FDB8-4BAF-B90C-CA43C5E86ABE}.Release|iPhone.Build.0 = Release|Any CPU
		{A4CF92CF-FDB8-4BAF-B90C-CA43C5E86ABE}.Release|iPhoneSimulator.ActiveCfg = Release|Any CPU
		{A4CF92CF-FDB8-4BAF-B90C-CA43C5E86ABE}.Release|iPhoneSimulator.Build.0 = Release|Any CPU
	EndGlobalSection
	GlobalSection(SolutionProperties) = preSolution
		HideSolutionNode = FALSE
	EndGlobalSection
	GlobalSection(ExtensibilityGlobals) = postSolution
		SolutionGuid = {D4C0CE10-156E-4CB9-8397-7C7A875B1BDB}
	EndGlobalSection
EndGlobal
